# THIS IS AN AUTOGENERATED FILE. DO NOT EDIT THIS FILE DIRECTLY.
# yarn lockfile v1


"@esbuild/aix-ppc64@0.25.2":
  version "0.25.2"
  resolved "https://registry.yarnpkg.com/@esbuild/aix-ppc64/-/aix-ppc64-0.25.2.tgz#b87036f644f572efb2b3c75746c97d1d2d87ace8"
  integrity sha512-wCIboOL2yXZym2cgm6mlA742s9QeJ8DjGVaL39dLN4rRwrOgOyYSnOaFPhKZGLb2ngj4EyfAFjsNJwPXZvseag==

"@esbuild/android-arm64@0.25.2":
  version "0.25.2"
  resolved "https://registry.yarnpkg.com/@esbuild/android-arm64/-/android-arm64-0.25.2.tgz#5ca7dc20a18f18960ad8d5e6ef5cf7b0a256e196"
  integrity sha512-5ZAX5xOmTligeBaeNEPnPaeEuah53Id2tX4c2CVP3JaROTH+j4fnfHCkr1PjXMd78hMst+TlkfKcW/DlTq0i4w==

"@esbuild/android-arm@0.25.2":
  version "0.25.2"
  resolved "https://registry.yarnpkg.com/@esbuild/android-arm/-/android-arm-0.25.2.tgz#3c49f607b7082cde70c6ce0c011c362c57a194ee"
  integrity sha512-NQhH7jFstVY5x8CKbcfa166GoV0EFkaPkCKBQkdPJFvo5u+nGXLEH/ooniLb3QI8Fk58YAx7nsPLozUWfCBOJA==

"@esbuild/android-x64@0.25.2":
  version "0.25.2"
  resolved "https://registry.yarnpkg.com/@esbuild/android-x64/-/android-x64-0.25.2.tgz#8a00147780016aff59e04f1036e7cb1b683859e2"
  integrity sha512-Ffcx+nnma8Sge4jzddPHCZVRvIfQ0kMsUsCMcJRHkGJ1cDmhe4SsrYIjLUKn1xpHZybmOqCWwB0zQvsjdEHtkg==

"@esbuild/darwin-arm64@0.25.2":
  version "0.25.2"
  resolved "https://registry.yarnpkg.com/@esbuild/darwin-arm64/-/darwin-arm64-0.25.2.tgz#486efe7599a8d90a27780f2bb0318d9a85c6c423"
  integrity sha512-MpM6LUVTXAzOvN4KbjzU/q5smzryuoNjlriAIx+06RpecwCkL9JpenNzpKd2YMzLJFOdPqBpuub6eVRP5IgiSA==

"@esbuild/darwin-x64@0.25.2":
  version "0.25.2"
  resolved "https://registry.yarnpkg.com/@esbuild/darwin-x64/-/darwin-x64-0.25.2.tgz#95ee222aacf668c7a4f3d7ee87b3240a51baf374"
  integrity sha512-5eRPrTX7wFyuWe8FqEFPG2cU0+butQQVNcT4sVipqjLYQjjh8a8+vUTfgBKM88ObB85ahsnTwF7PSIt6PG+QkA==

"@esbuild/freebsd-arm64@0.25.2":
  version "0.25.2"
  resolved "https://registry.yarnpkg.com/@esbuild/freebsd-arm64/-/freebsd-arm64-0.25.2.tgz#67efceda8554b6fc6a43476feba068fb37fa2ef6"
  integrity sha512-mLwm4vXKiQ2UTSX4+ImyiPdiHjiZhIaE9QvC7sw0tZ6HoNMjYAqQpGyui5VRIi5sGd+uWq940gdCbY3VLvsO1w==

"@esbuild/freebsd-x64@0.25.2":
  version "0.25.2"
  resolved "https://registry.yarnpkg.com/@esbuild/freebsd-x64/-/freebsd-x64-0.25.2.tgz#88a9d7ecdd3adadbfe5227c2122d24816959b809"
  integrity sha512-6qyyn6TjayJSwGpm8J9QYYGQcRgc90nmfdUb0O7pp1s4lTY+9D0H9O02v5JqGApUyiHOtkz6+1hZNvNtEhbwRQ==

"@esbuild/linux-arm64@0.25.2":
  version "0.25.2"
  resolved "https://registry.yarnpkg.com/@esbuild/linux-arm64/-/linux-arm64-0.25.2.tgz#87be1099b2bbe61282333b084737d46bc8308058"
  integrity sha512-gq/sjLsOyMT19I8obBISvhoYiZIAaGF8JpeXu1u8yPv8BE5HlWYobmlsfijFIZ9hIVGYkbdFhEqC0NvM4kNO0g==

"@esbuild/linux-arm@0.25.2":
  version "0.25.2"
  resolved "https://registry.yarnpkg.com/@esbuild/linux-arm/-/linux-arm-0.25.2.tgz#72a285b0fe64496e191fcad222185d7bf9f816f6"
  integrity sha512-UHBRgJcmjJv5oeQF8EpTRZs/1knq6loLxTsjc3nxO9eXAPDLcWW55flrMVc97qFPbmZP31ta1AZVUKQzKTzb0g==

"@esbuild/linux-ia32@0.25.2":
  version "0.25.2"
  resolved "https://registry.yarnpkg.com/@esbuild/linux-ia32/-/linux-ia32-0.25.2.tgz#337a87a4c4dd48a832baed5cbb022be20809d737"
  integrity sha512-bBYCv9obgW2cBP+2ZWfjYTU+f5cxRoGGQ5SeDbYdFCAZpYWrfjjfYwvUpP8MlKbP0nwZ5gyOU/0aUzZ5HWPuvQ==

"@esbuild/linux-loong64@0.25.2":
  version "0.25.2"
  resolved "https://registry.yarnpkg.com/@esbuild/linux-loong64/-/linux-loong64-0.25.2.tgz#1b81aa77103d6b8a8cfa7c094ed3d25c7579ba2a"
  integrity sha512-SHNGiKtvnU2dBlM5D8CXRFdd+6etgZ9dXfaPCeJtz+37PIUlixvlIhI23L5khKXs3DIzAn9V8v+qb1TRKrgT5w==

"@esbuild/linux-mips64el@0.25.2":
  version "0.25.2"
  resolved "https://registry.yarnpkg.com/@esbuild/linux-mips64el/-/linux-mips64el-0.25.2.tgz#afbe380b6992e7459bf7c2c3b9556633b2e47f30"
  integrity sha512-hDDRlzE6rPeoj+5fsADqdUZl1OzqDYow4TB4Y/3PlKBD0ph1e6uPHzIQcv2Z65u2K0kpeByIyAjCmjn1hJgG0Q==

"@esbuild/linux-ppc64@0.25.2":
  version "0.25.2"
  resolved "https://registry.yarnpkg.com/@esbuild/linux-ppc64/-/linux-ppc64-0.25.2.tgz#6bf8695cab8a2b135cca1aa555226dc932d52067"
  integrity sha512-tsHu2RRSWzipmUi9UBDEzc0nLc4HtpZEI5Ba+Omms5456x5WaNuiG3u7xh5AO6sipnJ9r4cRWQB2tUjPyIkc6g==

"@esbuild/linux-riscv64@0.25.2":
  version "0.25.2"
  resolved "https://registry.yarnpkg.com/@esbuild/linux-riscv64/-/linux-riscv64-0.25.2.tgz#43c2d67a1a39199fb06ba978aebb44992d7becc3"
  integrity sha512-k4LtpgV7NJQOml/10uPU0s4SAXGnowi5qBSjaLWMojNCUICNu7TshqHLAEbkBdAszL5TabfvQ48kK84hyFzjnw==

"@esbuild/linux-s390x@0.25.2":
  version "0.25.2"
  resolved "https://registry.yarnpkg.com/@esbuild/linux-s390x/-/linux-s390x-0.25.2.tgz#419e25737ec815c6dce2cd20d026e347cbb7a602"
  integrity sha512-GRa4IshOdvKY7M/rDpRR3gkiTNp34M0eLTaC1a08gNrh4u488aPhuZOCpkF6+2wl3zAN7L7XIpOFBhnaE3/Q8Q==

"@esbuild/linux-x64@0.25.2":
  version "0.25.2"
  resolved "https://registry.yarnpkg.com/@esbuild/linux-x64/-/linux-x64-0.25.2.tgz#22451f6edbba84abe754a8cbd8528ff6e28d9bcb"
  integrity sha512-QInHERlqpTTZ4FRB0fROQWXcYRD64lAoiegezDunLpalZMjcUcld3YzZmVJ2H/Cp0wJRZ8Xtjtj0cEHhYc/uUg==

"@esbuild/netbsd-arm64@0.25.2":
  version "0.25.2"
  resolved "https://registry.yarnpkg.com/@esbuild/netbsd-arm64/-/netbsd-arm64-0.25.2.tgz#744affd3b8d8236b08c5210d828b0698a62c58ac"
  integrity sha512-talAIBoY5M8vHc6EeI2WW9d/CkiO9MQJ0IOWX8hrLhxGbro/vBXJvaQXefW2cP0z0nQVTdQ/eNyGFV1GSKrxfw==

"@esbuild/netbsd-x64@0.25.2":
  version "0.25.2"
  resolved "https://registry.yarnpkg.com/@esbuild/netbsd-x64/-/netbsd-x64-0.25.2.tgz#dbbe7521fd6d7352f34328d676af923fc0f8a78f"
  integrity sha512-voZT9Z+tpOxrvfKFyfDYPc4DO4rk06qamv1a/fkuzHpiVBMOhpjK+vBmWM8J1eiB3OLSMFYNaOaBNLXGChf5tg==

"@esbuild/openbsd-arm64@0.25.2":
  version "0.25.2"
  resolved "https://registry.yarnpkg.com/@esbuild/openbsd-arm64/-/openbsd-arm64-0.25.2.tgz#f9caf987e3e0570500832b487ce3039ca648ce9f"
  integrity sha512-dcXYOC6NXOqcykeDlwId9kB6OkPUxOEqU+rkrYVqJbK2hagWOMrsTGsMr8+rW02M+d5Op5NNlgMmjzecaRf7Tg==

"@esbuild/openbsd-x64@0.25.2":
  version "0.25.2"
  resolved "https://registry.yarnpkg.com/@esbuild/openbsd-x64/-/openbsd-x64-0.25.2.tgz#d2bb6a0f8ffea7b394bb43dfccbb07cabd89f768"
  integrity sha512-t/TkWwahkH0Tsgoq1Ju7QfgGhArkGLkF1uYz8nQS/PPFlXbP5YgRpqQR3ARRiC2iXoLTWFxc6DJMSK10dVXluw==

"@esbuild/sunos-x64@0.25.2":
  version "0.25.2"
  resolved "https://registry.yarnpkg.com/@esbuild/sunos-x64/-/sunos-x64-0.25.2.tgz#49b437ed63fe333b92137b7a0c65a65852031afb"
  integrity sha512-cfZH1co2+imVdWCjd+D1gf9NjkchVhhdpgb1q5y6Hcv9TP6Zi9ZG/beI3ig8TvwT9lH9dlxLq5MQBBgwuj4xvA==

"@esbuild/win32-arm64@0.25.2":
  version "0.25.2"
  resolved "https://registry.yarnpkg.com/@esbuild/win32-arm64/-/win32-arm64-0.25.2.tgz#081424168463c7d6c7fb78f631aede0c104373cf"
  integrity sha512-7Loyjh+D/Nx/sOTzV8vfbB3GJuHdOQyrOryFdZvPHLf42Tk9ivBU5Aedi7iyX+x6rbn2Mh68T4qq1SDqJBQO5Q==

"@esbuild/win32-ia32@0.25.2":
  version "0.25.2"
  resolved "https://registry.yarnpkg.com/@esbuild/win32-ia32/-/win32-ia32-0.25.2.tgz#3f9e87143ddd003133d21384944a6c6cadf9693f"
  integrity sha512-WRJgsz9un0nqZJ4MfhabxaD9Ft8KioqU3JMinOTvobbX6MOSUigSBlogP8QB3uxpJDsFS6yN+3FDBdqE5lg9kg==

"@esbuild/win32-x64@0.25.2":
  version "0.25.2"
  resolved "https://registry.yarnpkg.com/@esbuild/win32-x64/-/win32-x64-0.25.2.tgz#839f72c2decd378f86b8f525e1979a97b920c67d"
  integrity sha512-kM3HKb16VIXZyIeVrM1ygYmZBKybX8N4p754bw390wGO3Tf2j4L2/WYL+4suWujpgf6GBYs3jv7TyUivdd05JA==

"@rollup/rollup-android-arm-eabi@4.39.0":
  version "4.39.0"
  resolved "https://registry.yarnpkg.com/@rollup/rollup-android-arm-eabi/-/rollup-android-arm-eabi-4.39.0.tgz#1d8cc5dd3d8ffe569d8f7f67a45c7909828a0f66"
  integrity sha512-lGVys55Qb00Wvh8DMAocp5kIcaNzEFTmGhfFd88LfaogYTRKrdxgtlO5H6S49v2Nd8R2C6wLOal0qv6/kCkOwA==

"@rollup/rollup-android-arm64@4.39.0":
  version "4.39.0"
  resolved "https://registry.yarnpkg.com/@rollup/rollup-android-arm64/-/rollup-android-arm64-4.39.0.tgz#9c136034d3d9ed29d0b138c74dd63c5744507fca"
  integrity sha512-It9+M1zE31KWfqh/0cJLrrsCPiF72PoJjIChLX+rEcujVRCb4NLQ5QzFkzIZW8Kn8FTbvGQBY5TkKBau3S8cCQ==

"@rollup/rollup-darwin-arm64@4.39.0":
  version "4.39.0"
  resolved "https://registry.yarnpkg.com/@rollup/rollup-darwin-arm64/-/rollup-darwin-arm64-4.39.0.tgz#830d07794d6a407c12b484b8cf71affd4d3800a6"
  integrity sha512-lXQnhpFDOKDXiGxsU9/l8UEGGM65comrQuZ+lDcGUx+9YQ9dKpF3rSEGepyeR5AHZ0b5RgiligsBhWZfSSQh8Q==

"@rollup/rollup-darwin-x64@4.39.0":
  version "4.39.0"
  resolved "https://registry.yarnpkg.com/@rollup/rollup-darwin-x64/-/rollup-darwin-x64-4.39.0.tgz#b26f0f47005c1fa5419a880f323ed509dc8d885c"
  integrity sha512-mKXpNZLvtEbgu6WCkNij7CGycdw9cJi2k9v0noMb++Vab12GZjFgUXD69ilAbBh034Zwn95c2PNSz9xM7KYEAQ==

"@rollup/rollup-freebsd-arm64@4.39.0":
  version "4.39.0"
  resolved "https://registry.yarnpkg.com/@rollup/rollup-freebsd-arm64/-/rollup-freebsd-arm64-4.39.0.tgz#2b60c81ac01ff7d1bc8df66aee7808b6690c6d19"
  integrity sha512-jivRRlh2Lod/KvDZx2zUR+I4iBfHcu2V/BA2vasUtdtTN2Uk3jfcZczLa81ESHZHPHy4ih3T/W5rPFZ/hX7RtQ==

"@rollup/rollup-freebsd-x64@4.39.0":
  version "4.39.0"
  resolved "https://registry.yarnpkg.com/@rollup/rollup-freebsd-x64/-/rollup-freebsd-x64-4.39.0.tgz#4826af30f4d933d82221289068846c9629cc628c"
  integrity sha512-8RXIWvYIRK9nO+bhVz8DwLBepcptw633gv/QT4015CpJ0Ht8punmoHU/DuEd3iw9Hr8UwUV+t+VNNuZIWYeY7Q==

"@rollup/rollup-linux-arm-gnueabihf@4.39.0":
  version "4.39.0"
  resolved "https://registry.yarnpkg.com/@rollup/rollup-linux-arm-gnueabihf/-/rollup-linux-arm-gnueabihf-4.39.0.tgz#a1f4f963d5dcc9e5575c7acf9911824806436bf7"
  integrity sha512-mz5POx5Zu58f2xAG5RaRRhp3IZDK7zXGk5sdEDj4o96HeaXhlUwmLFzNlc4hCQi5sGdR12VDgEUqVSHer0lI9g==

"@rollup/rollup-linux-arm-musleabihf@4.39.0":
  version "4.39.0"
  resolved "https://registry.yarnpkg.com/@rollup/rollup-linux-arm-musleabihf/-/rollup-linux-arm-musleabihf-4.39.0.tgz#e924b0a8b7c400089146f6278446e6b398b75a06"
  integrity sha512-+YDwhM6gUAyakl0CD+bMFpdmwIoRDzZYaTWV3SDRBGkMU/VpIBYXXEvkEcTagw/7VVkL2vA29zU4UVy1mP0/Yw==

"@rollup/rollup-linux-arm64-gnu@4.39.0":
  version "4.39.0"
  resolved "https://registry.yarnpkg.com/@rollup/rollup-linux-arm64-gnu/-/rollup-linux-arm64-gnu-4.39.0.tgz#cb43303274ec9a716f4440b01ab4e20c23aebe20"
  integrity sha512-EKf7iF7aK36eEChvlgxGnk7pdJfzfQbNvGV/+l98iiMwU23MwvmV0Ty3pJ0p5WQfm3JRHOytSIqD9LB7Bq7xdQ==

"@rollup/rollup-linux-arm64-musl@4.39.0":
  version "4.39.0"
  resolved "https://registry.yarnpkg.com/@rollup/rollup-linux-arm64-musl/-/rollup-linux-arm64-musl-4.39.0.tgz#531c92533ce3d167f2111bfcd2aa1a2041266987"
  integrity sha512-vYanR6MtqC7Z2SNr8gzVnzUul09Wi1kZqJaek3KcIlI/wq5Xtq4ZPIZ0Mr/st/sv/NnaPwy/D4yXg5x0B3aUUA==

"@rollup/rollup-linux-loongarch64-gnu@4.39.0":
  version "4.39.0"
  resolved "https://registry.yarnpkg.com/@rollup/rollup-linux-loongarch64-gnu/-/rollup-linux-loongarch64-gnu-4.39.0.tgz#53403889755d0c37c92650aad016d5b06c1b061a"
  integrity sha512-NMRUT40+h0FBa5fb+cpxtZoGAggRem16ocVKIv5gDB5uLDgBIwrIsXlGqYbLwW8YyO3WVTk1FkFDjMETYlDqiw==

"@rollup/rollup-linux-powerpc64le-gnu@4.39.0":
  version "4.39.0"
  resolved "https://registry.yarnpkg.com/@rollup/rollup-linux-powerpc64le-gnu/-/rollup-linux-powerpc64le-gnu-4.39.0.tgz#f669f162e29094c819c509e99dbeced58fc708f9"
  integrity sha512-0pCNnmxgduJ3YRt+D+kJ6Ai/r+TaePu9ZLENl+ZDV/CdVczXl95CbIiwwswu4L+K7uOIGf6tMo2vm8uadRaICQ==

"@rollup/rollup-linux-riscv64-gnu@4.39.0":
  version "4.39.0"
  resolved "https://registry.yarnpkg.com/@rollup/rollup-linux-riscv64-gnu/-/rollup-linux-riscv64-gnu-4.39.0.tgz#4bab37353b11bcda5a74ca11b99dea929657fd5f"
  integrity sha512-t7j5Zhr7S4bBtksT73bO6c3Qa2AV/HqiGlj9+KB3gNF5upcVkx+HLgxTm8DK4OkzsOYqbdqbLKwvGMhylJCPhQ==

"@rollup/rollup-linux-riscv64-musl@4.39.0":
  version "4.39.0"
  resolved "https://registry.yarnpkg.com/@rollup/rollup-linux-riscv64-musl/-/rollup-linux-riscv64-musl-4.39.0.tgz#4d66be1ce3cfd40a7910eb34dddc7cbd4c2dd2a5"
  integrity sha512-m6cwI86IvQ7M93MQ2RF5SP8tUjD39Y7rjb1qjHgYh28uAPVU8+k/xYWvxRO3/tBN2pZkSMa5RjnPuUIbrwVxeA==

"@rollup/rollup-linux-s390x-gnu@4.39.0":
  version "4.39.0"
  resolved "https://registry.yarnpkg.com/@rollup/rollup-linux-s390x-gnu/-/rollup-linux-s390x-gnu-4.39.0.tgz#7181c329395ed53340a0c59678ad304a99627f6d"
  integrity sha512-iRDJd2ebMunnk2rsSBYlsptCyuINvxUfGwOUldjv5M4tpa93K8tFMeYGpNk2+Nxl+OBJnBzy2/JCscGeO507kA==

"@rollup/rollup-linux-x64-gnu@4.39.0":
  version "4.39.0"
  resolved "https://registry.yarnpkg.com/@rollup/rollup-linux-x64-gnu/-/rollup-linux-x64-gnu-4.39.0.tgz#00825b3458094d5c27cb4ed66e88bfe9f1e65f90"
  integrity sha512-t9jqYw27R6Lx0XKfEFe5vUeEJ5pF3SGIM6gTfONSMb7DuG6z6wfj2yjcoZxHg129veTqU7+wOhY6GX8wmf90dA==

"@rollup/rollup-linux-x64-musl@4.39.0":
  version "4.39.0"
  resolved "https://registry.yarnpkg.com/@rollup/rollup-linux-x64-musl/-/rollup-linux-x64-musl-4.39.0.tgz#81caac2a31b8754186f3acc142953a178fcd6fba"
  integrity sha512-ThFdkrFDP55AIsIZDKSBWEt/JcWlCzydbZHinZ0F/r1h83qbGeenCt/G/wG2O0reuENDD2tawfAj2s8VK7Bugg==

"@rollup/rollup-win32-arm64-msvc@4.39.0":
  version "4.39.0"
  resolved "https://registry.yarnpkg.com/@rollup/rollup-win32-arm64-msvc/-/rollup-win32-arm64-msvc-4.39.0.tgz#3a3f421f5ce9bd99ed20ce1660cce7cee3e9f199"
  integrity sha512-jDrLm6yUtbOg2TYB3sBF3acUnAwsIksEYjLeHL+TJv9jg+TmTwdyjnDex27jqEMakNKf3RwwPahDIt7QXCSqRQ==

"@rollup/rollup-win32-ia32-msvc@4.39.0":
  version "4.39.0"
  resolved "https://registry.yarnpkg.com/@rollup/rollup-win32-ia32-msvc/-/rollup-win32-ia32-msvc-4.39.0.tgz#a44972d5cdd484dfd9cf3705a884bf0c2b7785a7"
  integrity sha512-6w9uMuza+LbLCVoNKL5FSLE7yvYkq9laSd09bwS0tMjkwXrmib/4KmoJcrKhLWHvw19mwU+33ndC69T7weNNjQ==

"@rollup/rollup-win32-x64-msvc@4.39.0":
  version "4.39.0"
  resolved "https://registry.yarnpkg.com/@rollup/rollup-win32-x64-msvc/-/rollup-win32-x64-msvc-4.39.0.tgz#bfe0214e163f70c4fec1c8f7bb8ce266f4c05b7e"
  integrity sha512-yAkUOkIKZlK5dl7u6dg897doBgLXmUHhIINM2c+sND3DZwnrdQkkSiDh7N75Ll4mM4dxSkYfXqU9fW3lLkMFug==

"@tailwindcss/node@4.1.3":
  version "4.1.3"
  resolved "https://registry.yarnpkg.com/@tailwindcss/node/-/node-4.1.3.tgz#f290886582ce8eb1978853d07ca4da45f2d43fdb"
  integrity sha512-H/6r6IPFJkCfBJZ2dKZiPJ7Ueb2wbL592+9bQEl2r73qbX6yGnmQVIfiUvDRB2YI0a3PWDrzUwkvQx1XW1bNkA==
  dependencies:
    enhanced-resolve "^5.18.1"
    jiti "^2.4.2"
    lightningcss "1.29.2"
    tailwindcss "4.1.3"

"@tailwindcss/oxide-android-arm64@4.1.3":
  version "4.1.3"
  resolved "https://registry.yarnpkg.com/@tailwindcss/oxide-android-arm64/-/oxide-android-arm64-4.1.3.tgz#6c1834e7de84aa5544f4c8aacb380e00e019a11f"
  integrity sha512-cxklKjtNLwFl3mDYw4XpEfBY+G8ssSg9ADL4Wm6//5woi3XGqlxFsnV5Zb6v07dxw1NvEX2uoqsxO/zWQsgR+g==

"@tailwindcss/oxide-darwin-arm64@4.1.3":
  version "4.1.3"
  resolved "https://registry.yarnpkg.com/@tailwindcss/oxide-darwin-arm64/-/oxide-darwin-arm64-4.1.3.tgz#ed3abd4a59f05a1ac58337b63d6fe82bb9903462"
  integrity sha512-mqkf2tLR5VCrjBvuRDwzKNShRu99gCAVMkVsaEOFvv6cCjlEKXRecPu9DEnxp6STk5z+Vlbh1M5zY3nQCXMXhw==

"@tailwindcss/oxide-darwin-x64@4.1.3":
  version "4.1.3"
  resolved "https://registry.yarnpkg.com/@tailwindcss/oxide-darwin-x64/-/oxide-darwin-x64-4.1.3.tgz#d8a0786f4eae8203f8345fcf5b03f3284eee82af"
  integrity sha512-7sGraGaWzXvCLyxrc7d+CCpUN3fYnkkcso3rCzwUmo/LteAl2ZGCDlGvDD8Y/1D3ngxT8KgDj1DSwOnNewKhmg==

"@tailwindcss/oxide-freebsd-x64@4.1.3":
  version "4.1.3"
  resolved "https://registry.yarnpkg.com/@tailwindcss/oxide-freebsd-x64/-/oxide-freebsd-x64-4.1.3.tgz#e76520e5341c3a44959901b8fefee78d4fc2f074"
  integrity sha512-E2+PbcbzIReaAYZe997wb9rId246yDkCwAakllAWSGqe6VTg9hHle67hfH6ExjpV2LSK/siRzBUs5wVff3RW9w==

"@tailwindcss/oxide-linux-arm-gnueabihf@4.1.3":
  version "4.1.3"
  resolved "https://registry.yarnpkg.com/@tailwindcss/oxide-linux-arm-gnueabihf/-/oxide-linux-arm-gnueabihf-4.1.3.tgz#130c276e590b6ba621c443ac7faa702a709620c7"
  integrity sha512-GvfbJ8wjSSjbLFFE3UYz4Eh8i4L6GiEYqCtA8j2Zd2oXriPuom/Ah/64pg/szWycQpzRnbDiJozoxFU2oJZyfg==

"@tailwindcss/oxide-linux-arm64-gnu@4.1.3":
  version "4.1.3"
  resolved "https://registry.yarnpkg.com/@tailwindcss/oxide-linux-arm64-gnu/-/oxide-linux-arm64-gnu-4.1.3.tgz#55e736a89d8547835026df3c5d6ce50467d71241"
  integrity sha512-35UkuCWQTeG9BHcBQXndDOrpsnt3Pj9NVIB4CgNiKmpG8GnCNXeMczkUpOoqcOhO6Cc/mM2W7kaQ/MTEENDDXg==

"@tailwindcss/oxide-linux-arm64-musl@4.1.3":
  version "4.1.3"
  resolved "https://registry.yarnpkg.com/@tailwindcss/oxide-linux-arm64-musl/-/oxide-linux-arm64-musl-4.1.3.tgz#4ff54e4a40fede7a66e209b07f9b5da432d96678"
  integrity sha512-dm18aQiML5QCj9DQo7wMbt1Z2tl3Giht54uVR87a84X8qRtuXxUqnKQkRDK5B4bCOmcZ580lF9YcoMkbDYTXHQ==

"@tailwindcss/oxide-linux-x64-gnu@4.1.3":
  version "4.1.3"
  resolved "https://registry.yarnpkg.com/@tailwindcss/oxide-linux-x64-gnu/-/oxide-linux-x64-gnu-4.1.3.tgz#66477a71fbaad552be882e8b7a56bb7519b47838"
  integrity sha512-LMdTmGe/NPtGOaOfV2HuO7w07jI3cflPrVq5CXl+2O93DCewADK0uW1ORNAcfu2YxDUS035eY2W38TxrsqngxA==

"@tailwindcss/oxide-linux-x64-musl@4.1.3":
  version "4.1.3"
  resolved "https://registry.yarnpkg.com/@tailwindcss/oxide-linux-x64-musl/-/oxide-linux-x64-musl-4.1.3.tgz#403145ce43361e7d63886c878fdb09cd868920da"
  integrity sha512-aalNWwIi54bbFEizwl1/XpmdDrOaCjRFQRgtbv9slWjmNPuJJTIKPHf5/XXDARc9CneW9FkSTqTbyvNecYAEGw==

"@tailwindcss/oxide-win32-arm64-msvc@4.1.3":
  version "4.1.3"
  resolved "https://registry.yarnpkg.com/@tailwindcss/oxide-win32-arm64-msvc/-/oxide-win32-arm64-msvc-4.1.3.tgz#0cc2bc59c228ce1d64156089af21acc4302081da"
  integrity sha512-PEj7XR4OGTGoboTIAdXicKuWl4EQIjKHKuR+bFy9oYN7CFZo0eu74+70O4XuERX4yjqVZGAkCdglBODlgqcCXg==

"@tailwindcss/oxide-win32-x64-msvc@4.1.3":
  version "4.1.3"
  resolved "https://registry.yarnpkg.com/@tailwindcss/oxide-win32-x64-msvc/-/oxide-win32-x64-msvc-4.1.3.tgz#9bd5108b95b03dace8a2e5e738b1b2389f8a6d09"
  integrity sha512-T8gfxECWDBENotpw3HR9SmNiHC9AOJdxs+woasRZ8Q/J4VHN0OMs7F+4yVNZ9EVN26Wv6mZbK0jv7eHYuLJLwA==

"@tailwindcss/oxide@4.1.3":
  version "4.1.3"
  resolved "https://registry.yarnpkg.com/@tailwindcss/oxide/-/oxide-4.1.3.tgz#d01162137fcefe7d4c2a34500b9ed5c142388352"
  integrity sha512-t16lpHCU7LBxDe/8dCj9ntyNpXaSTAgxWm1u2XQP5NiIu4KGSyrDJJRlK9hJ4U9yJxx0UKCVI67MJWFNll5mOQ==
  optionalDependencies:
    "@tailwindcss/oxide-android-arm64" "4.1.3"
    "@tailwindcss/oxide-darwin-arm64" "4.1.3"
    "@tailwindcss/oxide-darwin-x64" "4.1.3"
    "@tailwindcss/oxide-freebsd-x64" "4.1.3"
    "@tailwindcss/oxide-linux-arm-gnueabihf" "4.1.3"
    "@tailwindcss/oxide-linux-arm64-gnu" "4.1.3"
    "@tailwindcss/oxide-linux-arm64-musl" "4.1.3"
    "@tailwindcss/oxide-linux-x64-gnu" "4.1.3"
    "@tailwindcss/oxide-linux-x64-musl" "4.1.3"
    "@tailwindcss/oxide-win32-arm64-msvc" "4.1.3"
    "@tailwindcss/oxide-win32-x64-msvc" "4.1.3"

"@tailwindcss/vite@^4.1.3":
  version "4.1.3"
  resolved "https://registry.yarnpkg.com/@tailwindcss/vite/-/vite-4.1.3.tgz#db28184d7a1d8b9f7352c61a0a7e73fa76e13129"
  integrity sha512-lUI/QaDxLtlV52Lho6pu07CG9pSnRYLOPmKGIQjyHdTBagemc6HmgZxyjGAQ/5HMPrNeWBfTVIpQl0/jLXvWHQ==
  dependencies:
    "@tailwindcss/node" "4.1.3"
    "@tailwindcss/oxide" "4.1.3"
    tailwindcss "4.1.3"

"@types/estree@1.0.7":
  version "1.0.7"
  resolved "https://registry.yarnpkg.com/@types/estree/-/estree-1.0.7.tgz#4158d3105276773d5b7695cd4834b1722e4f37a8"
  integrity sha512-w28IoSUCJpidD/TGviZwwMJckNESJZXFu7NBZ5YJ4mEUnNraUn9Pm8HSZm/jDF1pDWYKspWE7oVphigUPRakIQ==

asynckit@^0.4.0:
  version "0.4.0"
  resolved "https://registry.yarnpkg.com/asynckit/-/asynckit-0.4.0.tgz#c79ed97f7f34cb8f2ba1bc9790bcc366474b4b79"
  integrity sha512-Oei9OH4tRh0YqU3GxhX79dM/mwVgvbZJaSNaRk+bshkj0S5cfHcgYakreBjrHwatXKbz+IoIdYLxrKim2MjW0Q==

axios@^1.8.2:
  version "1.8.4"
  resolved "https://registry.yarnpkg.com/axios/-/axios-1.8.4.tgz#78990bb4bc63d2cae072952d374835950a82f447"
  integrity sha512-eBSYY4Y68NNlHbHBMdeDmKNtDgXWhQsJcGqzO3iLUM0GraQFSS9cVgPX5I9b3lbdFKyYoAEGAZF1DwhTaljNAw==
  dependencies:
    follow-redirects "^1.15.6"
    form-data "^4.0.0"
    proxy-from-env "^1.1.0"

call-bind-apply-helpers@^1.0.1, call-bind-apply-helpers@^1.0.2:
  version "1.0.2"
  resolved "https://registry.yarnpkg.com/call-bind-apply-helpers/-/call-bind-apply-helpers-1.0.2.tgz#4b5428c222be985d79c3d82657479dbe0b59b2d6"
  integrity sha512-Sp1ablJ0ivDkSzjcaJdxEunN5/XvksFJ2sMBFfq6x0ryhQV/2b/KwFe21cMpmHtPOSij8K99/wSfoEuTObmuMQ==
  dependencies:
    es-errors "^1.3.0"
    function-bind "^1.1.2"

combined-stream@^1.0.8:
  version "1.0.8"
  resolved "https://registry.yarnpkg.com/combined-stream/-/combined-stream-1.0.8.tgz#c3d45a8b34fd730631a110a8a2520682b31d5a7f"
  integrity sha512-FQN4MRfuJeHf7cBbBMJFXhKSDq+2kAArBlmRBvcvFE5BB1HZKXtSFASDhdlz9zOYwxh8lDdnvmMOe/+5cdoEdg==
  dependencies:
    delayed-stream "~1.0.0"

daisyui@^5.0.17:
  version "5.0.17"
  resolved "https://registry.yarnpkg.com/daisyui/-/daisyui-5.0.17.tgz#bc5df8c1566eec9e083642484442622fe56f208f"
  integrity sha512-YV5PjYfIxvc6V35WEDn06y9KMpPXGSNgw5mckuV+RwKi0VCZlmGT3fY6gQFTcQDFCcPkJ8TOpEJHDBABI2C/dw==

delayed-stream@~1.0.0:
  version "1.0.0"
  resolved "https://registry.yarnpkg.com/delayed-stream/-/delayed-stream-1.0.0.tgz#df3ae199acadfb7d440aaae0b29e2272b24ec619"
  integrity sha512-ZySD7Nf91aLB0RxL4KGrKHBXl7Eds1DAmEdcoVawXnLD7SDhpNgtuII2aAkg7a7QS41jxPSZ17p4VdGnMHk3MQ==

detect-libc@^2.0.3:
  version "2.0.3"
  resolved "https://registry.yarnpkg.com/detect-libc/-/detect-libc-2.0.3.tgz#f0cd503b40f9939b894697d19ad50895e30cf700"
  integrity sha512-bwy0MGW55bG41VqxxypOsdSdGqLwXPI/focwgTYCFMbdUiBAxLg9CFzG08sz2aqzknwiX7Hkl0bQENjg8iLByw==

dunder-proto@^1.0.1:
  version "1.0.1"
  resolved "https://registry.yarnpkg.com/dunder-proto/-/dunder-proto-1.0.1.tgz#d7ae667e1dc83482f8b70fd0f6eefc50da30f58a"
  integrity sha512-KIN/nDJBQRcXw0MLVhZE9iQHmG68qAVIBg9CqmUYjmQIhgij9U5MFvrqkUL5FbtyyzZuOeOt0zdeRe4UY7ct+A==
  dependencies:
    call-bind-apply-helpers "^1.0.1"
    es-errors "^1.3.0"
    gopd "^1.2.0"

enhanced-resolve@^5.18.1:
  version "5.18.1"
  resolved "https://registry.yarnpkg.com/enhanced-resolve/-/enhanced-resolve-5.18.1.tgz#728ab082f8b7b6836de51f1637aab5d3b9568faf"
  integrity sha512-ZSW3ma5GkcQBIpwZTSRAI8N71Uuwgs93IezB7mf7R60tC8ZbJideoDNKjHn2O9KIlx6rkGTTEk1xUCK2E1Y2Yg==
  dependencies:
    graceful-fs "^4.2.4"
    tapable "^2.2.0"

es-define-property@^1.0.1:
  version "1.0.1"
  resolved "https://registry.yarnpkg.com/es-define-property/-/es-define-property-1.0.1.tgz#983eb2f9a6724e9303f61addf011c72e09e0b0fa"
  integrity sha512-e3nRfgfUZ4rNGL232gUgX06QNyyez04KdjFrF+LTRoOXmrOgFKDg4BCdsjW8EnT69eqdYGmRpJwiPVYNrCaW3g==

es-errors@^1.3.0:
  version "1.3.0"
  resolved "https://registry.yarnpkg.com/es-errors/-/es-errors-1.3.0.tgz#05f75a25dab98e4fb1dcd5e1472c0546d5057c8f"
  integrity sha512-Zf5H2Kxt2xjTvbJvP2ZWLEICxA6j+hAmMzIlypy4xcBg1vKVnx89Wy0GbS+kf5cwCVFFzdCFh2XSCFNULS6csw==

es-object-atoms@^1.0.0, es-object-atoms@^1.1.1:
  version "1.1.1"
  resolved "https://registry.yarnpkg.com/es-object-atoms/-/es-object-atoms-1.1.1.tgz#1c4f2c4837327597ce69d2ca190a7fdd172338c1"
  integrity sha512-FGgH2h8zKNim9ljj7dankFPcICIK9Cp5bm+c2gQSYePhpaG5+esrLODihIorn+Pe6FGJzWhXQotPv73jTaldXA==
  dependencies:
    es-errors "^1.3.0"

es-set-tostringtag@^2.1.0:
  version "2.1.0"
  resolved "https://registry.yarnpkg.com/es-set-tostringtag/-/es-set-tostringtag-2.1.0.tgz#f31dbbe0c183b00a6d26eb6325c810c0fd18bd4d"
  integrity sha512-j6vWzfrGVfyXxge+O0x5sh6cvxAog0a/4Rdd2K36zCMV5eJ+/+tOAngRO8cODMNWbVRdVlmGZQL2YS3yR8bIUA==
  dependencies:
    es-errors "^1.3.0"
    get-intrinsic "^1.2.6"
    has-tostringtag "^1.0.2"
    hasown "^2.0.2"

esbuild@^0.25.0:
  version "0.25.2"
  resolved "https://registry.yarnpkg.com/esbuild/-/esbuild-0.25.2.tgz#55a1d9ebcb3aa2f95e8bba9e900c1a5061bc168b"
  integrity sha512-16854zccKPnC+toMywC+uKNeYSv+/eXkevRAfwRD/G9Cleq66m8XFIrigkbvauLLlCfDL45Q2cWegSg53gGBnQ==
  optionalDependencies:
    "@esbuild/aix-ppc64" "0.25.2"
    "@esbuild/android-arm" "0.25.2"
    "@esbuild/android-arm64" "0.25.2"
    "@esbuild/android-x64" "0.25.2"
    "@esbuild/darwin-arm64" "0.25.2"
    "@esbuild/darwin-x64" "0.25.2"
    "@esbuild/freebsd-arm64" "0.25.2"
    "@esbuild/freebsd-x64" "0.25.2"
    "@esbuild/linux-arm" "0.25.2"
    "@esbuild/linux-arm64" "0.25.2"
    "@esbuild/linux-ia32" "0.25.2"
    "@esbuild/linux-loong64" "0.25.2"
    "@esbuild/linux-mips64el" "0.25.2"
    "@esbuild/linux-ppc64" "0.25.2"
    "@esbuild/linux-riscv64" "0.25.2"
    "@esbuild/linux-s390x" "0.25.2"
    "@esbuild/linux-x64" "0.25.2"
    "@esbuild/netbsd-arm64" "0.25.2"
    "@esbuild/netbsd-x64" "0.25.2"
    "@esbuild/openbsd-arm64" "0.25.2"
    "@esbuild/openbsd-x64" "0.25.2"
    "@esbuild/sunos-x64" "0.25.2"
    "@esbuild/win32-arm64" "0.25.2"
    "@esbuild/win32-ia32" "0.25.2"
    "@esbuild/win32-x64" "0.25.2"

follow-redirects@^1.15.6:
  version "1.15.9"
  resolved "https://registry.yarnpkg.com/follow-redirects/-/follow-redirects-1.15.9.tgz#a604fa10e443bf98ca94228d9eebcc2e8a2c8ee1"
  integrity sha512-gew4GsXizNgdoRyqmyfMHyAmXsZDk6mHkSxZFCzW9gwlbtOW44CDtYavM+y+72qD/Vq2l550kMF52DT8fOLJqQ==

form-data@^4.0.0:
  version "4.0.2"
  resolved "https://registry.yarnpkg.com/form-data/-/form-data-4.0.2.tgz#35cabbdd30c3ce73deb2c42d3c8d3ed9ca51794c"
  integrity sha512-hGfm/slu0ZabnNt4oaRZ6uREyfCj6P4fT/n6A1rGV+Z0VdGXjfOhVUpkn6qVQONHGIFwmveGXyDs75+nr6FM8w==
  dependencies:
    asynckit "^0.4.0"
    combined-stream "^1.0.8"
    es-set-tostringtag "^2.1.0"
    mime-types "^2.1.12"

fsevents@~2.3.2, fsevents@~2.3.3:
  version "2.3.3"
  resolved "https://registry.yarnpkg.com/fsevents/-/fsevents-2.3.3.tgz#cac6407785d03675a2a5e1a5305c697b347d90d6"
  integrity sha512-5xoDfX+fL7faATnagmWPpbFtwh/R77WmMMqqHGS65C3vvB0YHrgF+B1YmZ3441tMj5n63k0212XNoJwzlhffQw==

function-bind@^1.1.2:
  version "1.1.2"
  resolved "https://registry.yarnpkg.com/function-bind/-/function-bind-1.1.2.tgz#2c02d864d97f3ea6c8830c464cbd11ab6eab7a1c"
  integrity sha512-7XHNxH7qX9xG5mIwxkhumTox/MIRNcOgDrxWsMt2pAr23WHp6MrRlN7FBSFpCpr+oVO0F744iUgR82nJMfG2SA==

get-intrinsic@^1.2.6:
  version "1.3.0"
  resolved "https://registry.yarnpkg.com/get-intrinsic/-/get-intrinsic-1.3.0.tgz#743f0e3b6964a93a5491ed1bffaae054d7f98d01"
  integrity sha512-9fSjSaos/fRIVIp+xSJlE6lfwhES7LNtKaCBIamHsjr2na1BiABJPo0mOjjz8GJDURarmCPGqaiVg5mfjb98CQ==
  dependencies:
    call-bind-apply-helpers "^1.0.2"
    es-define-property "^1.0.1"
    es-errors "^1.3.0"
    es-object-atoms "^1.1.1"
    function-bind "^1.1.2"
    get-proto "^1.0.1"
    gopd "^1.2.0"
    has-symbols "^1.1.0"
    hasown "^2.0.2"
    math-intrinsics "^1.1.0"

get-proto@^1.0.1:
  version "1.0.1"
  resolved "https://registry.yarnpkg.com/get-proto/-/get-proto-1.0.1.tgz#150b3f2743869ef3e851ec0c49d15b1d14d00ee1"
  integrity sha512-sTSfBjoXBp89JvIKIefqw7U2CCebsc74kiY6awiGogKtoSGbgjYE/G/+l9sF3MWFPNc9IcoOC4ODfKHfxFmp0g==
  dependencies:
    dunder-proto "^1.0.1"
    es-object-atoms "^1.0.0"

gopd@^1.2.0:
  version "1.2.0"
  resolved "https://registry.yarnpkg.com/gopd/-/gopd-1.2.0.tgz#89f56b8217bdbc8802bd299df6d7f1081d7e51a1"
  integrity sha512-ZUKRh6/kUFoAiTAtTYPZJ3hw9wNxx+BIBOijnlG9PnrJsCcSjs1wyyD6vJpaYtgnzDrKYRSqf3OO6Rfa93xsRg==

graceful-fs@^4.2.4:
  version "4.2.11"
  resolved "https://registry.yarnpkg.com/graceful-fs/-/graceful-fs-4.2.11.tgz#4183e4e8bf08bb6e05bbb2f7d2e0c8f712ca40e3"
  integrity sha512-RbJ5/jmFcNNCcDV5o9eTnBLJ/HszWV0P73bc+Ff4nS/rJj+YaS6IGyiOL0VoBYX+l1Wrl3k63h/KrH+nhJ0XvQ==

has-symbols@^1.0.3, has-symbols@^1.1.0:
  version "1.1.0"
  resolved "https://registry.yarnpkg.com/has-symbols/-/has-symbols-1.1.0.tgz#fc9c6a783a084951d0b971fe1018de813707a338"
  integrity sha512-1cDNdwJ2Jaohmb3sg4OmKaMBwuC48sYni5HUw2DvsC8LjGTLK9h+eb1X6RyuOHe4hT0ULCW68iomhjUoKUqlPQ==

has-tostringtag@^1.0.2:
  version "1.0.2"
  resolved "https://registry.yarnpkg.com/has-tostringtag/-/has-tostringtag-1.0.2.tgz#2cdc42d40bef2e5b4eeab7c01a73c54ce7ab5abc"
  integrity sha512-NqADB8VjPFLM2V0VvHUewwwsw0ZWBaIdgo+ieHtK3hasLz4qeCRjYcqfB6AQrBggRKppKF8L52/VqdVsO47Dlw==
  dependencies:
    has-symbols "^1.0.3"

hasown@^2.0.2:
  version "2.0.2"
  resolved "https://registry.yarnpkg.com/hasown/-/hasown-2.0.2.tgz#003eaf91be7adc372e84ec59dc37252cedb80003"
  integrity sha512-0hJU9SCPvmMzIBdZFqNPXWa6dqh7WdH0cII9y+CyS8rG3nL48Bclra9HmKhVVUHyPWNH5Y7xDwAB7bfgSjkUMQ==
  dependencies:
    function-bind "^1.1.2"

jiti@^2.4.2:
  version "2.4.2"
  resolved "https://registry.yarnpkg.com/jiti/-/jiti-2.4.2.tgz#d19b7732ebb6116b06e2038da74a55366faef560"
  integrity sha512-rg9zJN+G4n2nfJl5MW3BMygZX56zKPNVEYYqq7adpmMh4Jn2QNEwhvQlFy6jPVdcod7txZtKHWnyZiA3a0zP7A==

laravel-vite-plugin@^1.2.0:
  version "1.2.0"
  resolved "https://registry.yarnpkg.com/laravel-vite-plugin/-/laravel-vite-plugin-1.2.0.tgz#7a82e850fba9ca2359fa64f70e0647478ea5fde3"
  integrity sha512-R0pJ+IcTVeqEMoKz/B2Ij57QVq3sFTABiFmb06gAwFdivbOgsUtuhX6N2MGLEArajrS3U5JbberzwOe7uXHMHQ==
  dependencies:
    picocolors "^1.0.0"
    vite-plugin-full-reload "^1.1.0"

lightningcss-darwin-arm64@1.29.2:
  version "1.29.2"
  resolved "https://registry.yarnpkg.com/lightningcss-darwin-arm64/-/lightningcss-darwin-arm64-1.29.2.tgz#6ceff38b01134af48e859394e1ca21e5d49faae6"
  integrity sha512-cK/eMabSViKn/PG8U/a7aCorpeKLMlK0bQeNHmdb7qUnBkNPnL+oV5DjJUo0kqWsJUapZsM4jCfYItbqBDvlcA==

lightningcss-darwin-x64@1.29.2:
  version "1.29.2"
  resolved "https://registry.yarnpkg.com/lightningcss-darwin-x64/-/lightningcss-darwin-x64-1.29.2.tgz#891b6f9e57682d794223c33463ca66d3af3fb038"
  integrity sha512-j5qYxamyQw4kDXX5hnnCKMf3mLlHvG44f24Qyi2965/Ycz829MYqjrVg2H8BidybHBp9kom4D7DR5VqCKDXS0w==

lightningcss-freebsd-x64@1.29.2:
  version "1.29.2"
  resolved "https://registry.yarnpkg.com/lightningcss-freebsd-x64/-/lightningcss-freebsd-x64-1.29.2.tgz#8a95f9ab73b2b2b0beefe1599fafa8b058938495"
  integrity sha512-wDk7M2tM78Ii8ek9YjnY8MjV5f5JN2qNVO+/0BAGZRvXKtQrBC4/cn4ssQIpKIPP44YXw6gFdpUF+Ps+RGsCwg==

lightningcss-linux-arm-gnueabihf@1.29.2:
  version "1.29.2"
  resolved "https://registry.yarnpkg.com/lightningcss-linux-arm-gnueabihf/-/lightningcss-linux-arm-gnueabihf-1.29.2.tgz#5c60bbf92b39d7ed51e363f7b98a7111bf5914a1"
  integrity sha512-IRUrOrAF2Z+KExdExe3Rz7NSTuuJ2HvCGlMKoquK5pjvo2JY4Rybr+NrKnq0U0hZnx5AnGsuFHjGnNT14w26sg==

lightningcss-linux-arm64-gnu@1.29.2:
  version "1.29.2"
  resolved "https://registry.yarnpkg.com/lightningcss-linux-arm64-gnu/-/lightningcss-linux-arm64-gnu-1.29.2.tgz#e73d7608c4cce034c3654e5e8b53be74846224de"
  integrity sha512-KKCpOlmhdjvUTX/mBuaKemp0oeDIBBLFiU5Fnqxh1/DZ4JPZi4evEH7TKoSBFOSOV3J7iEmmBaw/8dpiUvRKlQ==

lightningcss-linux-arm64-musl@1.29.2:
  version "1.29.2"
  resolved "https://registry.yarnpkg.com/lightningcss-linux-arm64-musl/-/lightningcss-linux-arm64-musl-1.29.2.tgz#a95a18d5a909831c092e0a8d2de4b9ac1a8db151"
  integrity sha512-Q64eM1bPlOOUgxFmoPUefqzY1yV3ctFPE6d/Vt7WzLW4rKTv7MyYNky+FWxRpLkNASTnKQUaiMJ87zNODIrrKQ==

lightningcss-linux-x64-gnu@1.29.2:
  version "1.29.2"
  resolved "https://registry.yarnpkg.com/lightningcss-linux-x64-gnu/-/lightningcss-linux-x64-gnu-1.29.2.tgz#551ca07e565394928642edee92acc042e546cb78"
  integrity sha512-0v6idDCPG6epLXtBH/RPkHvYx74CVziHo6TMYga8O2EiQApnUPZsbR9nFNrg2cgBzk1AYqEd95TlrsL7nYABQg==

lightningcss-linux-x64-musl@1.29.2:
  version "1.29.2"
  resolved "https://registry.yarnpkg.com/lightningcss-linux-x64-musl/-/lightningcss-linux-x64-musl-1.29.2.tgz#2fd164554340831bce50285b57101817850dd258"
  integrity sha512-rMpz2yawkgGT8RULc5S4WiZopVMOFWjiItBT7aSfDX4NQav6M44rhn5hjtkKzB+wMTRlLLqxkeYEtQ3dd9696w==

lightningcss-win32-arm64-msvc@1.29.2:
  version "1.29.2"
  resolved "https://registry.yarnpkg.com/lightningcss-win32-arm64-msvc/-/lightningcss-win32-arm64-msvc-1.29.2.tgz#da43ea49fafc5d2de38e016f1a8539d5eed98318"
  integrity sha512-nL7zRW6evGQqYVu/bKGK+zShyz8OVzsCotFgc7judbt6wnB2KbiKKJwBE4SGoDBQ1O94RjW4asrCjQL4i8Fhbw==

lightningcss-win32-x64-msvc@1.29.2:
  version "1.29.2"
  resolved "https://registry.yarnpkg.com/lightningcss-win32-x64-msvc/-/lightningcss-win32-x64-msvc-1.29.2.tgz#ddefaa099a39b725b2f5bbdcb9fc718435cc9797"
  integrity sha512-EdIUW3B2vLuHmv7urfzMI/h2fmlnOQBk1xlsDxkN1tCWKjNFjfLhGxYk8C8mzpSfr+A6jFFIi8fU6LbQGsRWjA==

lightningcss@1.29.2:
  version "1.29.2"
  resolved "https://registry.yarnpkg.com/lightningcss/-/lightningcss-1.29.2.tgz#f5f0fd6e63292a232697e6fe709da5b47624def3"
  integrity sha512-6b6gd/RUXKaw5keVdSEtqFVdzWnU5jMxTUjA2bVcMNPLwSQ08Sv/UodBVtETLCn7k4S1Ibxwh7k68IwLZPgKaA==
  dependencies:
    detect-libc "^2.0.3"
  optionalDependencies:
    lightningcss-darwin-arm64 "1.29.2"
    lightningcss-darwin-x64 "1.29.2"
    lightningcss-freebsd-x64 "1.29.2"
    lightningcss-linux-arm-gnueabihf "1.29.2"
    lightningcss-linux-arm64-gnu "1.29.2"
    lightningcss-linux-arm64-musl "1.29.2"
    lightningcss-linux-x64-gnu "1.29.2"
    lightningcss-linux-x64-musl "1.29.2"
    lightningcss-win32-arm64-msvc "1.29.2"
    lightningcss-win32-x64-msvc "1.29.2"

math-intrinsics@^1.1.0:
  version "1.1.0"
  resolved "https://registry.yarnpkg.com/math-intrinsics/-/math-intrinsics-1.1.0.tgz#a0dd74be81e2aa5c2f27e65ce283605ee4e2b7f9"
  integrity sha512-/IXtbwEk5HTPyEwyKX6hGkYXxM9nbj64B+ilVJnC/R6B0pH5G4V3b0pVbL7DBj4tkhBAppbQUlf6F6Xl9LHu1g==

mime-db@1.52.0:
  version "1.52.0"
  resolved "https://registry.yarnpkg.com/mime-db/-/mime-db-1.52.0.tgz#bbabcdc02859f4987301c856e3387ce5ec43bf70"
  integrity sha512-sPU4uV7dYlvtWJxwwxHD0PuihVNiE7TyAbQ5SWxDCB9mUYvOgroQOwYQQOKPJ8CIbE+1ETVlOoK1UC2nU3gYvg==

mime-types@^2.1.12:
  version "2.1.35"
  resolved "https://registry.yarnpkg.com/mime-types/-/mime-types-2.1.35.tgz#381a871b62a734450660ae3deee44813f70d959a"
  integrity sha512-ZDY+bPm5zTTF+YpCrAU9nK0UgICYPT0QtT1NZWFv4s++TNkcgVaT0g6+4R2uI4MjQjzysHB1zxuWL50hzaeXiw==
  dependencies:
    mime-db "1.52.0"

nanoid@^3.3.8:
  version "3.3.11"
  resolved "https://registry.yarnpkg.com/nanoid/-/nanoid-3.3.11.tgz#4f4f112cefbe303202f2199838128936266d185b"
  integrity sha512-N8SpfPUnUp1bK+PMYW8qSWdl9U+wwNWI4QKxOYDy9JAro3WMX7p2OeVRF9v+347pnakNevPmiHhNmZ2HbFA76w==

picocolors@^1.0.0, picocolors@^1.1.1:
  version "1.1.1"
  resolved "https://registry.yarnpkg.com/picocolors/-/picocolors-1.1.1.tgz#3d321af3eab939b083c8f929a1d12cda81c26b6b"
  integrity sha512-xceH2snhtb5M9liqDsmEw56le376mTZkEX/jEb/RxNFyegNul7eNslCXP9FDj/Lcu0X8KEyMceP2ntpaHrDEVA==

picomatch@^2.3.1:
  version "2.3.1"
  resolved "https://registry.yarnpkg.com/picomatch/-/picomatch-2.3.1.tgz#3ba3833733646d9d3e4995946c1365a67fb07a42"
  integrity sha512-JU3teHTNjmE2VCGFzuY8EXzCDVwEqB2a8fsIvwaStHhAWJEeVd1o1QD80CU6+ZdEXXSLbSsuLwJjkCBWqRQUVA==

postcss@^8.5.3:
  version "8.5.3"
  resolved "https://registry.yarnpkg.com/postcss/-/postcss-8.5.3.tgz#1463b6f1c7fb16fe258736cba29a2de35237eafb"
  integrity sha512-dle9A3yYxlBSrt8Fu+IpjGT8SY8hN0mlaA6GY8t0P5PjIOZemULz/E2Bnm/2dcUOena75OTNkHI76uZBNUUq3A==
  dependencies:
    nanoid "^3.3.8"
    picocolors "^1.1.1"
    source-map-js "^1.2.1"

proxy-from-env@^1.1.0:
  version "1.1.0"
  resolved "https://registry.yarnpkg.com/proxy-from-env/-/proxy-from-env-1.1.0.tgz#e102f16ca355424865755d2c9e8ea4f24d58c3e2"
  integrity sha512-D+zkORCbA9f1tdWRK0RaCR3GPv50cMxcrz4X8k5LTSUD1Dkw47mKJEZQNunItRTkWwgtaUSo1RVFRIG9ZXiFYg==

rollup@^4.30.1:
  version "4.39.0"
  resolved "https://registry.yarnpkg.com/rollup/-/rollup-4.39.0.tgz#9dc1013b70c0e2cb70ef28350142e9b81b3f640c"
  integrity sha512-thI8kNc02yNvnmJp8dr3fNWJ9tCONDhp6TV35X6HkKGGs9E6q7YWCHbe5vKiTa7TAiNcFEmXKj3X/pG2b3ci0g==
  dependencies:
    "@types/estree" "1.0.7"
  optionalDependencies:
    "@rollup/rollup-android-arm-eabi" "4.39.0"
    "@rollup/rollup-android-arm64" "4.39.0"
    "@rollup/rollup-darwin-arm64" "4.39.0"
    "@rollup/rollup-darwin-x64" "4.39.0"
    "@rollup/rollup-freebsd-arm64" "4.39.0"
    "@rollup/rollup-freebsd-x64" "4.39.0"
    "@rollup/rollup-linux-arm-gnueabihf" "4.39.0"
    "@rollup/rollup-linux-arm-musleabihf" "4.39.0"
    "@rollup/rollup-linux-arm64-gnu" "4.39.0"
    "@rollup/rollup-linux-arm64-musl" "4.39.0"
    "@rollup/rollup-linux-loongarch64-gnu" "4.39.0"
    "@rollup/rollup-linux-powerpc64le-gnu" "4.39.0"
    "@rollup/rollup-linux-riscv64-gnu" "4.39.0"
    "@rollup/rollup-linux-riscv64-musl" "4.39.0"
    "@rollup/rollup-linux-s390x-gnu" "4.39.0"
    "@rollup/rollup-linux-x64-gnu" "4.39.0"
    "@rollup/rollup-linux-x64-musl" "4.39.0"
    "@rollup/rollup-win32-arm64-msvc" "4.39.0"
    "@rollup/rollup-win32-ia32-msvc" "4.39.0"
    "@rollup/rollup-win32-x64-msvc" "4.39.0"
    fsevents "~2.3.2"

source-map-js@^1.2.1:
  version "1.2.1"
  resolved "https://registry.yarnpkg.com/source-map-js/-/source-map-js-1.2.1.tgz#1ce5650fddd87abc099eda37dcff024c2667ae46"
  integrity sha512-UXWMKhLOwVKb728IUtQPXxfYU+usdybtUrK/8uGE8CQMvrhOpwvzDBwj0QhSL7MQc7vIsISBG8VQ8+IDQxpfQA==

tailwindcss@4.1.3, tailwindcss@^4.1.3:
  version "4.1.3"
  resolved "https://registry.yarnpkg.com/tailwindcss/-/tailwindcss-4.1.3.tgz#f5a6b4451295c06e213013697f7193be1630fa46"
  integrity sha512-2Q+rw9vy1WFXu5cIxlvsabCwhU2qUwodGq03ODhLJ0jW4ek5BUtoCsnLB0qG+m8AHgEsSJcJGDSDe06FXlP74g==

tapable@^2.2.0:
  version "2.2.1"
  resolved "https://registry.yarnpkg.com/tapable/-/tapable-2.2.1.tgz#1967a73ef4060a82f12ab96af86d52fdb76eeca0"
  integrity sha512-GNzQvQTOIP6RyTfE2Qxb8ZVlNmw0n88vp1szwWRimP02mnTsx3Wtn5qRdqY9w2XduFNUgvOwhNnQsjwCp+kqaQ==

vite-plugin-full-reload@^1.1.0:
  version "1.2.0"
  resolved "https://registry.yarnpkg.com/vite-plugin-full-reload/-/vite-plugin-full-reload-1.2.0.tgz#bc4bfdc842abb4d24309ca802be8b955fce1c0c6"
  integrity sha512-kz18NW79x0IHbxRSHm0jttP4zoO9P9gXh+n6UTwlNKnviTTEpOlum6oS9SmecrTtSr+muHEn5TUuC75UovQzcA==
  dependencies:
    picocolors "^1.0.0"
    picomatch "^2.3.1"

vite@^6.2.5:
  version "6.2.5"
  resolved "https://registry.yarnpkg.com/vite/-/vite-6.2.5.tgz#d093b5fe8eb96e594761584a966ab13f24457820"
  integrity sha512-j023J/hCAa4pRIUH6J9HemwYfjB5llR2Ps0CWeikOtdR8+pAURAk0DoJC5/mm9kd+UgdnIy7d6HE4EAvlYhPhA==
  dependencies:
    esbuild "^0.25.0"
    postcss "^8.5.3"
    rollup "^4.30.1"
  optionalDependencies:
    fsevents "~2.3.3"
